
Microsoft Visual Studio Solution File, Format Version 12.00
# Visual Studio Version 17
VisualStudioVersion = 17.7.34003.232
MinimumVisualStudioVersion = 10.0.40219.1
Project("{FAE04EC0-301F-11D3-BF4B-00C04F79EFBC}") = "CorePersistance", "CorePersistance\CorePersistance.csproj", "{13DAA861-8B19-4490-AD1F-69EB2F3FC02B}"
EndProject
Global
	GlobalSection(SolutionConfigurationPlatforms) = preSolution
		Debug|Any CPU = Debug|Any CPU
		Release|Any CPU = Release|Any CPU
	EndGlobalSection
	GlobalSection(ProjectConfigurationPlatforms) = postSolution
		{13DAA861-8B19-4490-AD1F-69EB2F3FC02B}.Debug|Any CPU.ActiveCfg = Debug|Any CPU
		{13DAA861-8B19-4490-AD1F-69EB2F3FC02B}.Debug|Any CPU.Build.0 = Debug|Any CPU
		{13DAA861-8B19-4490-AD1F-69EB2F3FC02B}.Release|Any CPU.ActiveCfg = Release|Any CPU
		{13DAA861-8B19-4490-AD1F-69EB2F3FC02B}.Release|Any CPU.Build.0 = Release|Any CPU
	EndGlobalSection
	GlobalSection(SolutionProperties) = preSolution
		HideSolutionNode = FALSE
	EndGlobalSection
	GlobalSection(ExtensibilityGlobals) = postSolution
		SolutionGuid = {102D07C0-3F17-437A-BB4F-1099DBFED4FC}
	EndGlobalSection
EndGlobal
